
Microsoft Visual Studio Solution File, Format Version 12.00
Project("{FAE04EC0-301F-11D3-BF4B-00C04F79EFBC}") = "Examples", "Examples\Examples.csproj", "{703B53FB-4155-4AB1-854C-6DDDE7E55D43}"
EndProject
Project("{FAE04EC0-301F-11D3-BF4B-00C04F79EFBC}") = "Exercises", "Exercises\Exercises.csproj", "{02E14646-500F-4FCB-B336-7B4AEE36A939}"
EndProject
Project("{FAE04EC0-301F-11D3-BF4B-00C04F79EFBC}") = "Exercises.Tests", "Exercises.Tests\Exercises.Tests.csproj", "{E25CA169-A565-4A56-A400-19847FF7006F}"
EndProject
Global
	GlobalSection(SolutionConfigurationPlatforms) = preSolution
		Debug|Any CPU = Debug|Any CPU
		Release|Any CPU = Release|Any CPU
	EndGlobalSection
	GlobalSection(ProjectConfigurationPlatforms) = postSolution
		{703B53FB-4155-4AB1-854C-6DDDE7E55D43}.Debug|Any CPU.ActiveCfg = Debug|Any CPU
		{703B53FB-4155-4AB1-854C-6DDDE7E55D43}.Debug|Any CPU.Build.0 = Debug|Any CPU
		{703B53FB-4155-4AB1-854C-6DDDE7E55D43}.Release|Any CPU.ActiveCfg = Release|Any CPU
		{703B53FB-4155-4AB1-854C-6DDDE7E55D43}.Release|Any CPU.Build.0 = Release|Any CPU
		{02E14646-500F-4FCB-B336-7B4AEE36A939}.Debug|Any CPU.ActiveCfg = Debug|Any CPU
		{02E14646-500F-4FCB-B336-7B4AEE36A939}.Debug|Any CPU.Build.0 = Debug|Any CPU
		{02E14646-500F-4FCB-B336-7B4AEE36A939}.Release|Any CPU.ActiveCfg = Release|Any CPU
		{02E14646-500F-4FCB-B336-7B4AEE36A939}.Release|Any CPU.Build.0 = Release|Any CPU
		{E25CA169-A565-4A56-A400-19847FF7006F}.Debug|Any CPU.ActiveCfg = Debug|Any CPU
		{E25CA169-A565-4A56-A400-19847FF7006F}.Debug|Any CPU.Build.0 = Debug|Any CPU
		{E25CA169-A565-4A56-A400-19847FF7006F}.Release|Any CPU.ActiveCfg = Release|Any CPU
		{E25CA169-A565-4A56-A400-19847FF7006F}.Release|Any CPU.Build.0 = Release|Any CPU
	EndGlobalSection
EndGlobal
